
Microsoft Visual Studio Solution File, Format Version 12.00
# Visual Studio Version 17
VisualStudioVersion = 17.2.32630.192
MinimumVisualStudioVersion = 10.0.40219.1
Project("{9A19103F-16F7-4668-BE54-9A1E7A4F7556}") = "AutoKkutuGui", "AutoKkutuGui\AutoKkutuGui.csproj", "{D96D2306-2D68-4586-A3D3-2AEFF84B1457}"
EndProject
Project("{9A19103F-16F7-4668-BE54-9A1E7A4F7556}") = "AutoKkutuLib.Test", "AutoKkutuLib.Test\AutoKkutuLib.Test.csproj", "{933661E3-3064-4730-9DB7-713BED8C4938}"
EndProject
Project("{2150E333-8FDC-42A3-9474-1A3956D46DE8}") = "Solution Items", "Solution Items", "{F85E7448-8C52-4788-A487-500635E83702}"
	ProjectSection(SolutionItems) = preProject
		.editorconfig = .editorconfig
		TODO.md = TODO.md
	EndProjectSection
EndProject
Project("{9A19103F-16F7-4668-BE54-9A1E7A4F7556}") = "AutoKkutuLib", "AutoKkutuLib\AutoKkutuLib.csproj", "{91AEC03F-9F06-4248-8B61-6AB6F9D9E3F4}"
EndProject
Project("{9A19103F-16F7-4668-BE54-9A1E7A4F7556}") = "AutoKkutuLib.Sqlite", "AutoKkutuLib.Sqlite\AutoKkutuLib.Sqlite.csproj", "{1058B4D9-EB16-45A5-8E10-9247165F55E5}"
EndProject
Project("{9A19103F-16F7-4668-BE54-9A1E7A4F7556}") = "AutoKkutuLib.MySql", "AutoKkutuLib.MySql\AutoKkutuLib.MySql.csproj", "{78841C98-3074-4871-BC95-193F4EEE877F}"
EndProject
Project("{9A19103F-16F7-4668-BE54-9A1E7A4F7556}") = "AutoKkutuLib.Postgres", "AutoKkutuLib.Postgres\AutoKkutuLib.Postgres.csproj", "{BAA7B375-B104-4FE3-86A1-1886BE136889}"
EndProject
Project("{9A19103F-16F7-4668-BE54-9A1E7A4F7556}") = "AutoKkutuLib.CefSharp", "AutoKkutuLib.CefSharp\AutoKkutuLib.CefSharp.csproj", "{A612B087-8FBC-485F-A1B4-BAC3A033A840}"
EndProject
Project("{9A19103F-16F7-4668-BE54-9A1E7A4F7556}") = "AutoKkutuLib.Handlers.JavaScript", "AutoKkutuLib.Handlers.JavaScript\AutoKkutuLib.Handlers.JavaScript.csproj", "{F5AFA21D-536B-4707-9BE0-0117713C6C58}"
EndProject
Project("{9A19103F-16F7-4668-BE54-9A1E7A4F7556}") = "AutoKkutuLib.Handlers.WebDriver", "AutoKkutuLib.Handlers.WebDriver\AutoKkutuLib.Handlers.WebDriver.csproj", "{19F1750A-52F8-413D-8823-4084D5EFDE35}"
	ProjectSection(ProjectDependencies) = postProject
		{EE454914-8625-4778-90E8-9A05297198EA} = {EE454914-8625-4778-90E8-9A05297198EA}
	EndProjectSection
EndProject
Project("{9A19103F-16F7-4668-BE54-9A1E7A4F7556}") = "AutoKkutuLib.Selenium", "AutoKkutuLib.Selenium\AutoKkutuLib.Selenium.csproj", "{EE454914-8625-4778-90E8-9A05297198EA}"
EndProject
Global
	GlobalSection(SolutionConfigurationPlatforms) = preSolution
		Debug|Any CPU = Debug|Any CPU
		Debug|x64 = Debug|x64
		Debug|x86 = Debug|x86
		Release|Any CPU = Release|Any CPU
		Release|x64 = Release|x64
		Release|x86 = Release|x86
	EndGlobalSection
	GlobalSection(ProjectConfigurationPlatforms) = postSolution
		{D96D2306-2D68-4586-A3D3-2AEFF84B1457}.Debug|Any CPU.ActiveCfg = Debug|Any CPU
		{D96D2306-2D68-4586-A3D3-2AEFF84B1457}.Debug|Any CPU.Build.0 = Debug|Any CPU
		{D96D2306-2D68-4586-A3D3-2AEFF84B1457}.Debug|x64.ActiveCfg = Debug|x64
		{D96D2306-2D68-4586-A3D3-2AEFF84B1457}.Debug|x64.Build.0 = Debug|x64
		{D96D2306-2D68-4586-A3D3-2AEFF84B1457}.Debug|x86.ActiveCfg = Debug|x86
		{D96D2306-2D68-4586-A3D3-2AEFF84B1457}.Debug|x86.Build.0 = Debug|x86
		{D96D2306-2D68-4586-A3D3-2AEFF84B1457}.Release|Any CPU.ActiveCfg = Release|Any CPU
		{D96D2306-2D68-4586-A3D3-2AEFF84B1457}.Release|Any CPU.Build.0 = Release|Any CPU
		{D96D2306-2D68-4586-A3D3-2AEFF84B1457}.Release|x64.ActiveCfg = Release|x64
		{D96D2306-2D68-4586-A3D3-2AEFF84B1457}.Release|x64.Build.0 = Release|x64
		{D96D2306-2D68-4586-A3D3-2AEFF84B1457}.Release|x86.ActiveCfg = Release|x86
		{D96D2306-2D68-4586-A3D3-2AEFF84B1457}.Release|x86.Build.0 = Release|x86
		{933661E3-3064-4730-9DB7-713BED8C4938}.Debug|Any CPU.ActiveCfg = Debug|Any CPU
		{933661E3-3064-4730-9DB7-713BED8C4938}.Debug|Any CPU.Build.0 = Debug|Any CPU
		{933661E3-3064-4730-9DB7-713BED8C4938}.Debug|x64.ActiveCfg = Debug|Any CPU
		{933661E3-3064-4730-9DB7-713BED8C4938}.Debug|x64.Build.0 = Debug|Any CPU
		{933661E3-3064-4730-9DB7-713BED8C4938}.Debug|x86.ActiveCfg = Debug|Any CPU
		{933661E3-3064-4730-9DB7-713BED8C4938}.Debug|x86.Build.0 = Debug|Any CPU
		{933661E3-3064-4730-9DB7-713BED8C4938}.Release|Any CPU.ActiveCfg = Release|Any CPU
		{933661E3-3064-4730-9DB7-713BED8C4938}.Release|Any CPU.Build.0 = Release|Any CPU
		{933661E3-3064-4730-9DB7-713BED8C4938}.Release|x64.ActiveCfg = Release|Any CPU
		{933661E3-3064-4730-9DB7-713BED8C4938}.Release|x64.Build.0 = Release|Any CPU
		{933661E3-3064-4730-9DB7-713BED8C4938}.Release|x86.ActiveCfg = Release|Any CPU
		{933661E3-3064-4730-9DB7-713BED8C4938}.Release|x86.Build.0 = Release|Any CPU
		{91AEC03F-9F06-4248-8B61-6AB6F9D9E3F4}.Debug|Any CPU.ActiveCfg = Debug|Any CPU
		{91AEC03F-9F06-4248-8B61-6AB6F9D9E3F4}.Debug|Any CPU.Build.0 = Debug|Any CPU
		{91AEC03F-9F06-4248-8B61-6AB6F9D9E3F4}.Debug|x64.ActiveCfg = Debug|Any CPU
		{91AEC03F-9F06-4248-8B61-6AB6F9D9E3F4}.Debug|x64.Build.0 = Debug|Any CPU
		{91AEC03F-9F06-4248-8B61-6AB6F9D9E3F4}.Debug|x86.ActiveCfg = Debug|Any CPU
		{91AEC03F-9F06-4248-8B61-6AB6F9D9E3F4}.Debug|x86.Build.0 = Debug|Any CPU
		{91AEC03F-9F06-4248-8B61-6AB6F9D9E3F4}.Release|Any CPU.ActiveCfg = Release|Any CPU
		{91AEC03F-9F06-4248-8B61-6AB6F9D9E3F4}.Release|Any CPU.Build.0 = Release|Any CPU
		{91AEC03F-9F06-4248-8B61-6AB6F9D9E3F4}.Release|x64.ActiveCfg = Release|Any CPU
		{91AEC03F-9F06-4248-8B61-6AB6F9D9E3F4}.Release|x64.Build.0 = Release|Any CPU
		{91AEC03F-9F06-4248-8B61-6AB6F9D9E3F4}.Release|x86.ActiveCfg = Release|Any CPU
		{91AEC03F-9F06-4248-8B61-6AB6F9D9E3F4}.Release|x86.Build.0 = Release|Any CPU
		{1058B4D9-EB16-45A5-8E10-9247165F55E5}.Debug|Any CPU.ActiveCfg = Debug|Any CPU
		{1058B4D9-EB16-45A5-8E10-9247165F55E5}.Debug|Any CPU.Build.0 = Debug|Any CPU
		{1058B4D9-EB16-45A5-8E10-9247165F55E5}.Debug|x64.ActiveCfg = Debug|Any CPU
		{1058B4D9-EB16-45A5-8E10-9247165F55E5}.Debug|x64.Build.0 = Debug|Any CPU
		{1058B4D9-EB16-45A5-8E10-9247165F55E5}.Debug|x86.ActiveCfg = Debug|Any CPU
		{1058B4D9-EB16-45A5-8E10-9247165F55E5}.Debug|x86.Build.0 = Debug|Any CPU
		{1058B4D9-EB16-45A5-8E10-9247165F55E5}.Release|Any CPU.ActiveCfg = Release|Any CPU
		{1058B4D9-EB16-45A5-8E10-9247165F55E5}.Release|Any CPU.Build.0 = Release|Any CPU
		{1058B4D9-EB16-45A5-8E10-9247165F55E5}.Release|x64.ActiveCfg = Release|Any CPU
		{1058B4D9-EB16-45A5-8E10-9247165F55E5}.Release|x64.Build.0 = Release|Any CPU
		{1058B4D9-EB16-45A5-8E10-9247165F55E5}.Release|x86.ActiveCfg = Release|Any CPU
		{1058B4D9-EB16-45A5-8E10-9247165F55E5}.Release|x86.Build.0 = Release|Any CPU
		{78841C98-3074-4871-BC95-193F4EEE877F}.Debug|Any CPU.ActiveCfg = Debug|Any CPU
		{78841C98-3074-4871-BC95-193F4EEE877F}.Debug|Any CPU.Build.0 = Debug|Any CPU
		{78841C98-3074-4871-BC95-193F4EEE877F}.Debug|x64.ActiveCfg = Debug|Any CPU
		{78841C98-3074-4871-BC95-193F4EEE877F}.Debug|x64.Build.0 = Debug|Any CPU
		{78841C98-3074-4871-BC95-193F4EEE877F}.Debug|x86.ActiveCfg = Debug|Any CPU
		{78841C98-3074-4871-BC95-193F4EEE877F}.Debug|x86.Build.0 = Debug|Any CPU
		{78841C98-3074-4871-BC95-193F4EEE877F}.Release|Any CPU.ActiveCfg = Release|Any CPU
		{78841C98-3074-4871-BC95-193F4EEE877F}.Release|Any CPU.Build.0 = Release|Any CPU
		{78841C98-3074-4871-BC95-193F4EEE877F}.Release|x64.ActiveCfg = Release|Any CPU
		{78841C98-3074-4871-BC95-193F4EEE877F}.Release|x64.Build.0 = Release|Any CPU
		{78841C98-3074-4871-BC95-193F4EEE877F}.Release|x86.ActiveCfg = Release|Any CPU
		{78841C98-3074-4871-BC95-193F4EEE877F}.Release|x86.Build.0 = Release|Any CPU
		{BAA7B375-B104-4FE3-86A1-1886BE136889}.Debug|Any CPU.ActiveCfg = Debug|Any CPU
		{BAA7B375-B104-4FE3-86A1-1886BE136889}.Debug|Any CPU.Build.0 = Debug|Any CPU
		{BAA7B375-B104-4FE3-86A1-1886BE136889}.Debug|x64.ActiveCfg = Debug|Any CPU
		{BAA7B375-B104-4FE3-86A1-1886BE136889}.Debug|x64.Build.0 = Debug|Any CPU
		{BAA7B375-B104-4FE3-86A1-1886BE136889}.Debug|x86.ActiveCfg = Debug|Any CPU
		{BAA7B375-B104-4FE3-86A1-1886BE136889}.Debug|x86.Build.0 = Debug|Any CPU
		{BAA7B375-B104-4FE3-86A1-1886BE136889}.Release|Any CPU.ActiveCfg = Release|Any CPU
		{BAA7B375-B104-4FE3-86A1-1886BE136889}.Release|Any CPU.Build.0 = Release|Any CPU
		{BAA7B375-B104-4FE3-86A1-1886BE136889}.Release|x64.ActiveCfg = Release|Any CPU
		{BAA7B375-B104-4FE3-86A1-1886BE136889}.Release|x64.Build.0 = Release|Any CPU
		{BAA7B375-B104-4FE3-86A1-1886BE136889}.Release|x86.ActiveCfg = Release|Any CPU
		{BAA7B375-B104-4FE3-86A1-1886BE136889}.Release|x86.Build.0 = Release|Any CPU
		{A612B087-8FBC-485F-A1B4-BAC3A033A840}.Debug|Any CPU.ActiveCfg = Debug|Any CPU
		{A612B087-8FBC-485F-A1B4-BAC3A033A840}.Debug|Any CPU.Build.0 = Debug|Any CPU
		{A612B087-8FBC-485F-A1B4-BAC3A033A840}.Debug|x64.ActiveCfg = Debug|Any CPU
		{A612B087-8FBC-485F-A1B4-BAC3A033A840}.Debug|x64.Build.0 = Debug|Any CPU
		{A612B087-8FBC-485F-A1B4-BAC3A033A840}.Debug|x86.ActiveCfg = Debug|Any CPU
		{A612B087-8FBC-485F-A1B4-BAC3A033A840}.Debug|x86.Build.0 = Debug|Any CPU
		{A612B087-8FBC-485F-A1B4-BAC3A033A840}.Release|Any CPU.ActiveCfg = Release|Any CPU
		{A612B087-8FBC-485F-A1B4-BAC3A033A840}.Release|Any CPU.Build.0 = Release|Any CPU
		{A612B087-8FBC-485F-A1B4-BAC3A033A840}.Release|x64.ActiveCfg = Release|Any CPU
		{A612B087-8FBC-485F-A1B4-BAC3A033A840}.Release|x64.Build.0 = Release|Any CPU
		{A612B087-8FBC-485F-A1B4-BAC3A033A840}.Release|x86.ActiveCfg = Release|Any CPU
		{A612B087-8FBC-485F-A1B4-BAC3A033A840}.Release|x86.Build.0 = Release|Any CPU
		{F5AFA21D-536B-4707-9BE0-0117713C6C58}.Debug|Any CPU.ActiveCfg = Debug|Any CPU
		{F5AFA21D-536B-4707-9BE0-0117713C6C58}.Debug|Any CPU.Build.0 = Debug|Any CPU
		{F5AFA21D-536B-4707-9BE0-0117713C6C58}.Debug|x64.ActiveCfg = Debug|Any CPU
		{F5AFA21D-536B-4707-9BE0-0117713C6C58}.Debug|x64.Build.0 = Debug|Any CPU
		{F5AFA21D-536B-4707-9BE0-0117713C6C58}.Debug|x86.ActiveCfg = Debug|Any CPU
		{F5AFA21D-536B-4707-9BE0-0117713C6C58}.Debug|x86.Build.0 = Debug|Any CPU
		{F5AFA21D-536B-4707-9BE0-0117713C6C58}.Release|Any CPU.ActiveCfg = Release|Any CPU
		{F5AFA21D-536B-4707-9BE0-0117713C6C58}.Release|Any CPU.Build.0 = Release|Any CPU
		{F5AFA21D-536B-4707-9BE0-0117713C6C58}.Release|x64.ActiveCfg = Release|Any CPU
		{F5AFA21D-536B-4707-9BE0-0117713C6C58}.Release|x64.Build.0 = Release|Any CPU
		{F5AFA21D-536B-4707-9BE0-0117713C6C58}.Release|x86.ActiveCfg = Release|Any CPU
		{F5AFA21D-536B-4707-9BE0-0117713C6C58}.Release|x86.Build.0 = Release|Any CPU
		{19F1750A-52F8-413D-8823-4084D5EFDE35}.Debug|Any CPU.ActiveCfg = Debug|Any CPU
		{19F1750A-52F8-413D-8823-4084D5EFDE35}.Debug|Any CPU.Build.0 = Debug|Any CPU
		{19F1750A-52F8-413D-8823-4084D5EFDE35}.Debug|x64.ActiveCfg = Debug|Any CPU
		{19F1750A-52F8-413D-8823-4084D5EFDE35}.Debug|x64.Build.0 = Debug|Any CPU
		{19F1750A-52F8-413D-8823-4084D5EFDE35}.Debug|x86.ActiveCfg = Debug|Any CPU
		{19F1750A-52F8-413D-8823-4084D5EFDE35}.Debug|x86.Build.0 = Debug|Any CPU
		{19F1750A-52F8-413D-8823-4084D5EFDE35}.Release|Any CPU.ActiveCfg = Release|Any CPU
		{19F1750A-52F8-413D-8823-4084D5EFDE35}.Release|Any CPU.Build.0 = Release|Any CPU
		{19F1750A-52F8-413D-8823-4084D5EFDE35}.Release|x64.ActiveCfg = Release|Any CPU
		{19F1750A-52F8-413D-8823-4084D5EFDE35}.Release|x64.Build.0 = Release|Any CPU
		{19F1750A-52F8-413D-8823-4084D5EFDE35}.Release|x86.ActiveCfg = Release|Any CPU
		{19F1750A-52F8-413D-8823-4084D5EFDE35}.Release|x86.Build.0 = Release|Any CPU
		{EE454914-8625-4778-90E8-9A05297198EA}.Debug|Any CPU.ActiveCfg = Debug|Any CPU
		{EE454914-8625-4778-90E8-9A05297198EA}.Debug|Any CPU.Build.0 = Debug|Any CPU
		{EE454914-8625-4778-90E8-9A05297198EA}.Debug|x64.ActiveCfg = Debug|Any CPU
		{EE454914-8625-4778-90E8-9A05297198EA}.Debug|x64.Build.0 = Debug|Any CPU
		{EE454914-8625-4778-90E8-9A05297198EA}.Debug|x86.ActiveCfg = Debug|Any CPU
		{EE454914-8625-4778-90E8-9A05297198EA}.Debug|x86.Build.0 = Debug|Any CPU
		{EE454914-8625-4778-90E8-9A05297198EA}.Release|Any CPU.ActiveCfg = Release|Any CPU
		{EE454914-8625-4778-90E8-9A05297198EA}.Release|Any CPU.Build.0 = Release|Any CPU
		{EE454914-8625-4778-90E8-9A05297198EA}.Release|x64.ActiveCfg = Release|Any CPU
		{EE454914-8625-4778-90E8-9A05297198EA}.Release|x64.Build.0 = Release|Any CPU
		{EE454914-8625-4778-90E8-9A05297198EA}.Release|x86.ActiveCfg = Release|Any CPU
		{EE454914-8625-4778-90E8-9A05297198EA}.Release|x86.Build.0 = Release|Any CPU
	EndGlobalSection
	GlobalSection(SolutionProperties) = preSolution
		HideSolutionNode = FALSE
	EndGlobalSection
	GlobalSection(ExtensibilityGlobals) = postSolution
		SolutionGuid = {B3B673EA-9D2A-48B0-A1AC-B123087ED1E9}
	EndGlobalSection
EndGlobal
