
Microsoft Visual Studio Solution File, Format Version 12.00
# Visual Studio Version 17
VisualStudioVersion = 17.2.32630.192
MinimumVisualStudioVersion = 10.0.40219.1
Project("{9A19103F-16F7-4668-BE54-9A1E7A4F7556}") = "AutoKkutu", "AutoKkutu\AutoKkutu.csproj", "{D96D2306-2D68-4586-A3D3-2AEFF84B1457}"
EndProject
Project("{9A19103F-16F7-4668-BE54-9A1E7A4F7556}") = "AutoKkutu.Test", "AutoKkutu.Test\AutoKkutu.Test.csproj", "{933661E3-3064-4730-9DB7-713BED8C4938}"
EndProject
Project("{2150E333-8FDC-42A3-9474-1A3956D46DE8}") = "Solution Items", "Solution Items", "{F85E7448-8C52-4788-A487-500635E83702}"
	ProjectSection(SolutionItems) = preProject
		.editorconfig = .editorconfig
	EndProjectSection
EndProject
Global
	GlobalSection(SolutionConfigurationPlatforms) = preSolution
		Debug|Any CPU = Debug|Any CPU
		Debug|x64 = Debug|x64
		Debug|x86 = Debug|x86
		Release|Any CPU = Release|Any CPU
		Release|x64 = Release|x64
		Release|x86 = Release|x86
	EndGlobalSection
	GlobalSection(ProjectConfigurationPlatforms) = postSolution
		{D96D2306-2D68-4586-A3D3-2AEFF84B1457}.Debug|Any CPU.ActiveCfg = Debug|Any CPU
		{D96D2306-2D68-4586-A3D3-2AEFF84B1457}.Debug|Any CPU.Build.0 = Debug|Any CPU
		{D96D2306-2D68-4586-A3D3-2AEFF84B1457}.Debug|x64.ActiveCfg = Debug|x64
		{D96D2306-2D68-4586-A3D3-2AEFF84B1457}.Debug|x64.Build.0 = Debug|x64
		{D96D2306-2D68-4586-A3D3-2AEFF84B1457}.Debug|x86.ActiveCfg = Debug|x86
		{D96D2306-2D68-4586-A3D3-2AEFF84B1457}.Debug|x86.Build.0 = Debug|x86
		{D96D2306-2D68-4586-A3D3-2AEFF84B1457}.Release|Any CPU.ActiveCfg = Release|Any CPU
		{D96D2306-2D68-4586-A3D3-2AEFF84B1457}.Release|Any CPU.Build.0 = Release|Any CPU
		{D96D2306-2D68-4586-A3D3-2AEFF84B1457}.Release|x64.ActiveCfg = Release|x64
		{D96D2306-2D68-4586-A3D3-2AEFF84B1457}.Release|x64.Build.0 = Release|x64
		{D96D2306-2D68-4586-A3D3-2AEFF84B1457}.Release|x86.ActiveCfg = Release|x86
		{D96D2306-2D68-4586-A3D3-2AEFF84B1457}.Release|x86.Build.0 = Release|x86
		{933661E3-3064-4730-9DB7-713BED8C4938}.Debug|Any CPU.ActiveCfg = Debug|Any CPU
		{933661E3-3064-4730-9DB7-713BED8C4938}.Debug|Any CPU.Build.0 = Debug|Any CPU
		{933661E3-3064-4730-9DB7-713BED8C4938}.Debug|x64.ActiveCfg = Debug|Any CPU
		{933661E3-3064-4730-9DB7-713BED8C4938}.Debug|x64.Build.0 = Debug|Any CPU
		{933661E3-3064-4730-9DB7-713BED8C4938}.Debug|x86.ActiveCfg = Debug|Any CPU
		{933661E3-3064-4730-9DB7-713BED8C4938}.Debug|x86.Build.0 = Debug|Any CPU
		{933661E3-3064-4730-9DB7-713BED8C4938}.Release|Any CPU.ActiveCfg = Release|Any CPU
		{933661E3-3064-4730-9DB7-713BED8C4938}.Release|Any CPU.Build.0 = Release|Any CPU
		{933661E3-3064-4730-9DB7-713BED8C4938}.Release|x64.ActiveCfg = Release|Any CPU
		{933661E3-3064-4730-9DB7-713BED8C4938}.Release|x64.Build.0 = Release|Any CPU
		{933661E3-3064-4730-9DB7-713BED8C4938}.Release|x86.ActiveCfg = Release|Any CPU
		{933661E3-3064-4730-9DB7-713BED8C4938}.Release|x86.Build.0 = Release|Any CPU
	EndGlobalSection
	GlobalSection(SolutionProperties) = preSolution
		HideSolutionNode = FALSE
	EndGlobalSection
	GlobalSection(ExtensibilityGlobals) = postSolution
		SolutionGuid = {B3B673EA-9D2A-48B0-A1AC-B123087ED1E9}
	EndGlobalSection
EndGlobal
