
Microsoft Visual Studio Solution File, Format Version 12.00
# Visual Studio Version 17
VisualStudioVersion = 17.2.32630.192
MinimumVisualStudioVersion = 10.0.40219.1
Project("{9A19103F-16F7-4668-BE54-9A1E7A4F7556}") = "AutoKkutuGui", "AutoKkutuGui\AutoKkutuGui.csproj", "{D96D2306-2D68-4586-A3D3-2AEFF84B1457}"
EndProject
Project("{9A19103F-16F7-4668-BE54-9A1E7A4F7556}") = "AutoKkutuLib.Test", "AutoKkutuLib.Test\AutoKkutuLib.Test.csproj", "{933661E3-3064-4730-9DB7-713BED8C4938}"
EndProject
Project("{2150E333-8FDC-42A3-9474-1A3956D46DE8}") = "Solution Items", "Solution Items", "{F85E7448-8C52-4788-A487-500635E83702}"
	ProjectSection(SolutionItems) = preProject
		.editorconfig = .editorconfig
		TODO.md = TODO.md
	EndProjectSection
EndProject
Project("{9A19103F-16F7-4668-BE54-9A1E7A4F7556}") = "AutoKkutuLib", "AutoKkutuLib\AutoKkutuLib.csproj", "{91AEC03F-9F06-4248-8B61-6AB6F9D9E3F4}"
EndProject
Project("{9A19103F-16F7-4668-BE54-9A1E7A4F7556}") = "AutoKkutuLib.Sqlite", "AutoKkutuLib.Sqlite\AutoKkutuLib.Sqlite.csproj", "{1058B4D9-EB16-45A5-8E10-9247165F55E5}"
EndProject
Project("{9A19103F-16F7-4668-BE54-9A1E7A4F7556}") = "AutoKkutuLib.MySql", "AutoKkutuLib.MySql\AutoKkutuLib.MySql.csproj", "{78841C98-3074-4871-BC95-193F4EEE877F}"
EndProject
Project("{9A19103F-16F7-4668-BE54-9A1E7A4F7556}") = "AutoKkutuLib.Postgres", "AutoKkutuLib.Postgres\AutoKkutuLib.Postgres.csproj", "{BAA7B375-B104-4FE3-86A1-1886BE136889}"
EndProject
Project("{9A19103F-16F7-4668-BE54-9A1E7A4F7556}") = "AutoKkutuLib.CefSharp", "AutoKkutuLib.CefSharp\AutoKkutuLib.CefSharp.csproj", "{A612B087-8FBC-485F-A1B4-BAC3A033A840}"
EndProject
Project("{9A19103F-16F7-4668-BE54-9A1E7A4F7556}") = "AutoKkutuLib.Selenium", "AutoKkutuLib.Selenium\AutoKkutuLib.Selenium.csproj", "{EE454914-8625-4778-90E8-9A05297198EA}"
EndProject
Project("{9A19103F-16F7-4668-BE54-9A1E7A4F7556}") = "ExamplePlugin", "ExamplePlugin\ExamplePlugin.csproj", "{F61396BC-7C74-4CF5-94E2-9B3AD341E8BB}"
EndProject
Project("{FAE04EC0-301F-11D3-BF4B-00C04F79EFBC}") = "AutoKkutuLib.MITMProxy", "AutoKkutuLib.MITMProxy\AutoKkutuLib.MITMProxy.csproj", "{6A8030C8-9365-453B-9CB1-16705463D5B4}"
EndProject
Global
	GlobalSection(SolutionConfigurationPlatforms) = preSolution
		Debug|Any CPU = Debug|Any CPU
		Debug|x64 = Debug|x64
		Debug|x86 = Debug|x86
		DebugCefSharp|Any CPU = DebugCefSharp|Any CPU
		DebugCefSharp|x64 = DebugCefSharp|x64
		DebugCefSharp|x86 = DebugCefSharp|x86
		DebugSelenium|Any CPU = DebugSelenium|Any CPU
		DebugSelenium|x64 = DebugSelenium|x64
		DebugSelenium|x86 = DebugSelenium|x86
		Release|Any CPU = Release|Any CPU
		Release|x64 = Release|x64
		Release|x86 = Release|x86
		ReleaseCefSharp|Any CPU = ReleaseCefSharp|Any CPU
		ReleaseCefSharp|x64 = ReleaseCefSharp|x64
		ReleaseCefSharp|x86 = ReleaseCefSharp|x86
		ReleaseSelenium|Any CPU = ReleaseSelenium|Any CPU
		ReleaseSelenium|x64 = ReleaseSelenium|x64
		ReleaseSelenium|x86 = ReleaseSelenium|x86
	EndGlobalSection
	GlobalSection(ProjectConfigurationPlatforms) = postSolution
		{D96D2306-2D68-4586-A3D3-2AEFF84B1457}.Debug|Any CPU.ActiveCfg = DebugSelenium|Any CPU
		{D96D2306-2D68-4586-A3D3-2AEFF84B1457}.Debug|Any CPU.Build.0 = DebugSelenium|Any CPU
		{D96D2306-2D68-4586-A3D3-2AEFF84B1457}.Debug|x64.ActiveCfg = DebugSelenium|x64
		{D96D2306-2D68-4586-A3D3-2AEFF84B1457}.Debug|x64.Build.0 = DebugSelenium|x64
		{D96D2306-2D68-4586-A3D3-2AEFF84B1457}.Debug|x86.ActiveCfg = DebugSelenium|x86
		{D96D2306-2D68-4586-A3D3-2AEFF84B1457}.Debug|x86.Build.0 = DebugSelenium|x86
		{D96D2306-2D68-4586-A3D3-2AEFF84B1457}.DebugCefSharp|Any CPU.ActiveCfg = DebugCefSharp|Any CPU
		{D96D2306-2D68-4586-A3D3-2AEFF84B1457}.DebugCefSharp|Any CPU.Build.0 = DebugCefSharp|Any CPU
		{D96D2306-2D68-4586-A3D3-2AEFF84B1457}.DebugCefSharp|x64.ActiveCfg = DebugCefSharp|x64
		{D96D2306-2D68-4586-A3D3-2AEFF84B1457}.DebugCefSharp|x64.Build.0 = DebugCefSharp|x64
		{D96D2306-2D68-4586-A3D3-2AEFF84B1457}.DebugCefSharp|x86.ActiveCfg = DebugCefSharp|x86
		{D96D2306-2D68-4586-A3D3-2AEFF84B1457}.DebugCefSharp|x86.Build.0 = DebugCefSharp|x86
		{D96D2306-2D68-4586-A3D3-2AEFF84B1457}.DebugSelenium|Any CPU.ActiveCfg = DebugSelenium|Any CPU
		{D96D2306-2D68-4586-A3D3-2AEFF84B1457}.DebugSelenium|Any CPU.Build.0 = DebugSelenium|Any CPU
		{D96D2306-2D68-4586-A3D3-2AEFF84B1457}.DebugSelenium|x64.ActiveCfg = DebugSelenium|x64
		{D96D2306-2D68-4586-A3D3-2AEFF84B1457}.DebugSelenium|x64.Build.0 = DebugSelenium|x64
		{D96D2306-2D68-4586-A3D3-2AEFF84B1457}.DebugSelenium|x86.ActiveCfg = DebugSelenium|x86
		{D96D2306-2D68-4586-A3D3-2AEFF84B1457}.DebugSelenium|x86.Build.0 = DebugSelenium|x86
		{D96D2306-2D68-4586-A3D3-2AEFF84B1457}.Release|Any CPU.ActiveCfg = Release|Any CPU
		{D96D2306-2D68-4586-A3D3-2AEFF84B1457}.Release|Any CPU.Build.0 = Release|Any CPU
		{D96D2306-2D68-4586-A3D3-2AEFF84B1457}.Release|x64.ActiveCfg = Release|Any CPU
		{D96D2306-2D68-4586-A3D3-2AEFF84B1457}.Release|x64.Build.0 = Release|Any CPU
		{D96D2306-2D68-4586-A3D3-2AEFF84B1457}.Release|x86.ActiveCfg = Release|x86
		{D96D2306-2D68-4586-A3D3-2AEFF84B1457}.Release|x86.Build.0 = Release|x86
		{D96D2306-2D68-4586-A3D3-2AEFF84B1457}.ReleaseCefSharp|Any CPU.ActiveCfg = Release|Any CPU
		{D96D2306-2D68-4586-A3D3-2AEFF84B1457}.ReleaseCefSharp|Any CPU.Build.0 = Release|Any CPU
		{D96D2306-2D68-4586-A3D3-2AEFF84B1457}.ReleaseCefSharp|x64.ActiveCfg = ReleaseCefSharp|x64
		{D96D2306-2D68-4586-A3D3-2AEFF84B1457}.ReleaseCefSharp|x64.Build.0 = ReleaseCefSharp|x64
		{D96D2306-2D68-4586-A3D3-2AEFF84B1457}.ReleaseCefSharp|x86.ActiveCfg = Release|x86
		{D96D2306-2D68-4586-A3D3-2AEFF84B1457}.ReleaseCefSharp|x86.Build.0 = Release|x86
		{D96D2306-2D68-4586-A3D3-2AEFF84B1457}.ReleaseSelenium|Any CPU.ActiveCfg = ReleaseSelenium|Any CPU
		{D96D2306-2D68-4586-A3D3-2AEFF84B1457}.ReleaseSelenium|Any CPU.Build.0 = ReleaseSelenium|Any CPU
		{D96D2306-2D68-4586-A3D3-2AEFF84B1457}.ReleaseSelenium|x64.ActiveCfg = ReleaseSelenium|x64
		{D96D2306-2D68-4586-A3D3-2AEFF84B1457}.ReleaseSelenium|x64.Build.0 = ReleaseSelenium|x64
		{D96D2306-2D68-4586-A3D3-2AEFF84B1457}.ReleaseSelenium|x86.ActiveCfg = ReleaseSelenium|x86
		{D96D2306-2D68-4586-A3D3-2AEFF84B1457}.ReleaseSelenium|x86.Build.0 = ReleaseSelenium|x86
		{933661E3-3064-4730-9DB7-713BED8C4938}.Debug|Any CPU.ActiveCfg = DebugSelenium|Any CPU
		{933661E3-3064-4730-9DB7-713BED8C4938}.Debug|Any CPU.Build.0 = DebugSelenium|Any CPU
		{933661E3-3064-4730-9DB7-713BED8C4938}.Debug|x64.ActiveCfg = DebugSelenium|Any CPU
		{933661E3-3064-4730-9DB7-713BED8C4938}.Debug|x64.Build.0 = DebugSelenium|Any CPU
		{933661E3-3064-4730-9DB7-713BED8C4938}.Debug|x86.ActiveCfg = DebugSelenium|Any CPU
		{933661E3-3064-4730-9DB7-713BED8C4938}.Debug|x86.Build.0 = DebugSelenium|Any CPU
		{933661E3-3064-4730-9DB7-713BED8C4938}.DebugCefSharp|Any CPU.ActiveCfg = DebugCefSharp|Any CPU
		{933661E3-3064-4730-9DB7-713BED8C4938}.DebugCefSharp|Any CPU.Build.0 = DebugCefSharp|Any CPU
		{933661E3-3064-4730-9DB7-713BED8C4938}.DebugCefSharp|x64.ActiveCfg = DebugCefSharp|Any CPU
		{933661E3-3064-4730-9DB7-713BED8C4938}.DebugCefSharp|x64.Build.0 = DebugCefSharp|Any CPU
		{933661E3-3064-4730-9DB7-713BED8C4938}.DebugCefSharp|x86.ActiveCfg = DebugCefSharp|Any CPU
		{933661E3-3064-4730-9DB7-713BED8C4938}.DebugCefSharp|x86.Build.0 = DebugCefSharp|Any CPU
		{933661E3-3064-4730-9DB7-713BED8C4938}.DebugSelenium|Any CPU.ActiveCfg = DebugSelenium|Any CPU
		{933661E3-3064-4730-9DB7-713BED8C4938}.DebugSelenium|Any CPU.Build.0 = DebugSelenium|Any CPU
		{933661E3-3064-4730-9DB7-713BED8C4938}.DebugSelenium|x64.ActiveCfg = DebugSelenium|Any CPU
		{933661E3-3064-4730-9DB7-713BED8C4938}.DebugSelenium|x64.Build.0 = DebugSelenium|Any CPU
		{933661E3-3064-4730-9DB7-713BED8C4938}.DebugSelenium|x86.ActiveCfg = DebugSelenium|Any CPU
		{933661E3-3064-4730-9DB7-713BED8C4938}.DebugSelenium|x86.Build.0 = DebugSelenium|Any CPU
		{933661E3-3064-4730-9DB7-713BED8C4938}.Release|Any CPU.ActiveCfg = Release|Any CPU
		{933661E3-3064-4730-9DB7-713BED8C4938}.Release|Any CPU.Build.0 = Release|Any CPU
		{933661E3-3064-4730-9DB7-713BED8C4938}.Release|x64.ActiveCfg = Release|Any CPU
		{933661E3-3064-4730-9DB7-713BED8C4938}.Release|x64.Build.0 = Release|Any CPU
		{933661E3-3064-4730-9DB7-713BED8C4938}.Release|x86.ActiveCfg = Release|Any CPU
		{933661E3-3064-4730-9DB7-713BED8C4938}.Release|x86.Build.0 = Release|Any CPU
		{933661E3-3064-4730-9DB7-713BED8C4938}.ReleaseCefSharp|Any CPU.ActiveCfg = Release|Any CPU
		{933661E3-3064-4730-9DB7-713BED8C4938}.ReleaseCefSharp|Any CPU.Build.0 = Release|Any CPU
		{933661E3-3064-4730-9DB7-713BED8C4938}.ReleaseCefSharp|x64.ActiveCfg = ReleaseCefSharp|Any CPU
		{933661E3-3064-4730-9DB7-713BED8C4938}.ReleaseCefSharp|x64.Build.0 = ReleaseCefSharp|Any CPU
		{933661E3-3064-4730-9DB7-713BED8C4938}.ReleaseCefSharp|x86.ActiveCfg = Release|Any CPU
		{933661E3-3064-4730-9DB7-713BED8C4938}.ReleaseCefSharp|x86.Build.0 = Release|Any CPU
		{933661E3-3064-4730-9DB7-713BED8C4938}.ReleaseSelenium|Any CPU.ActiveCfg = ReleaseSelenium|Any CPU
		{933661E3-3064-4730-9DB7-713BED8C4938}.ReleaseSelenium|Any CPU.Build.0 = ReleaseSelenium|Any CPU
		{933661E3-3064-4730-9DB7-713BED8C4938}.ReleaseSelenium|x64.ActiveCfg = ReleaseSelenium|Any CPU
		{933661E3-3064-4730-9DB7-713BED8C4938}.ReleaseSelenium|x64.Build.0 = ReleaseSelenium|Any CPU
		{933661E3-3064-4730-9DB7-713BED8C4938}.ReleaseSelenium|x86.ActiveCfg = ReleaseSelenium|Any CPU
		{933661E3-3064-4730-9DB7-713BED8C4938}.ReleaseSelenium|x86.Build.0 = ReleaseSelenium|Any CPU
		{91AEC03F-9F06-4248-8B61-6AB6F9D9E3F4}.Debug|Any CPU.ActiveCfg = DebugSelenium|Any CPU
		{91AEC03F-9F06-4248-8B61-6AB6F9D9E3F4}.Debug|Any CPU.Build.0 = DebugSelenium|Any CPU
		{91AEC03F-9F06-4248-8B61-6AB6F9D9E3F4}.Debug|x64.ActiveCfg = DebugSelenium|Any CPU
		{91AEC03F-9F06-4248-8B61-6AB6F9D9E3F4}.Debug|x64.Build.0 = DebugSelenium|Any CPU
		{91AEC03F-9F06-4248-8B61-6AB6F9D9E3F4}.Debug|x86.ActiveCfg = DebugSelenium|Any CPU
		{91AEC03F-9F06-4248-8B61-6AB6F9D9E3F4}.Debug|x86.Build.0 = DebugSelenium|Any CPU
		{91AEC03F-9F06-4248-8B61-6AB6F9D9E3F4}.DebugCefSharp|Any CPU.ActiveCfg = DebugCefSharp|Any CPU
		{91AEC03F-9F06-4248-8B61-6AB6F9D9E3F4}.DebugCefSharp|Any CPU.Build.0 = DebugCefSharp|Any CPU
		{91AEC03F-9F06-4248-8B61-6AB6F9D9E3F4}.DebugCefSharp|x64.ActiveCfg = DebugCefSharp|Any CPU
		{91AEC03F-9F06-4248-8B61-6AB6F9D9E3F4}.DebugCefSharp|x64.Build.0 = DebugCefSharp|Any CPU
		{91AEC03F-9F06-4248-8B61-6AB6F9D9E3F4}.DebugCefSharp|x86.ActiveCfg = DebugCefSharp|Any CPU
		{91AEC03F-9F06-4248-8B61-6AB6F9D9E3F4}.DebugCefSharp|x86.Build.0 = DebugCefSharp|Any CPU
		{91AEC03F-9F06-4248-8B61-6AB6F9D9E3F4}.DebugSelenium|Any CPU.ActiveCfg = DebugSelenium|Any CPU
		{91AEC03F-9F06-4248-8B61-6AB6F9D9E3F4}.DebugSelenium|Any CPU.Build.0 = DebugSelenium|Any CPU
		{91AEC03F-9F06-4248-8B61-6AB6F9D9E3F4}.DebugSelenium|x64.ActiveCfg = DebugSelenium|Any CPU
		{91AEC03F-9F06-4248-8B61-6AB6F9D9E3F4}.DebugSelenium|x64.Build.0 = DebugSelenium|Any CPU
		{91AEC03F-9F06-4248-8B61-6AB6F9D9E3F4}.DebugSelenium|x86.ActiveCfg = DebugSelenium|Any CPU
		{91AEC03F-9F06-4248-8B61-6AB6F9D9E3F4}.DebugSelenium|x86.Build.0 = DebugSelenium|Any CPU
		{91AEC03F-9F06-4248-8B61-6AB6F9D9E3F4}.Release|Any CPU.ActiveCfg = Release|Any CPU
		{91AEC03F-9F06-4248-8B61-6AB6F9D9E3F4}.Release|Any CPU.Build.0 = Release|Any CPU
		{91AEC03F-9F06-4248-8B61-6AB6F9D9E3F4}.Release|x64.ActiveCfg = Release|Any CPU
		{91AEC03F-9F06-4248-8B61-6AB6F9D9E3F4}.Release|x64.Build.0 = Release|Any CPU
		{91AEC03F-9F06-4248-8B61-6AB6F9D9E3F4}.Release|x86.ActiveCfg = Release|Any CPU
		{91AEC03F-9F06-4248-8B61-6AB6F9D9E3F4}.Release|x86.Build.0 = Release|Any CPU
		{91AEC03F-9F06-4248-8B61-6AB6F9D9E3F4}.ReleaseCefSharp|Any CPU.ActiveCfg = Release|Any CPU
		{91AEC03F-9F06-4248-8B61-6AB6F9D9E3F4}.ReleaseCefSharp|Any CPU.Build.0 = Release|Any CPU
		{91AEC03F-9F06-4248-8B61-6AB6F9D9E3F4}.ReleaseCefSharp|x64.ActiveCfg = ReleaseCefSharp|Any CPU
		{91AEC03F-9F06-4248-8B61-6AB6F9D9E3F4}.ReleaseCefSharp|x64.Build.0 = ReleaseCefSharp|Any CPU
		{91AEC03F-9F06-4248-8B61-6AB6F9D9E3F4}.ReleaseCefSharp|x86.ActiveCfg = Release|Any CPU
		{91AEC03F-9F06-4248-8B61-6AB6F9D9E3F4}.ReleaseCefSharp|x86.Build.0 = Release|Any CPU
		{91AEC03F-9F06-4248-8B61-6AB6F9D9E3F4}.ReleaseSelenium|Any CPU.ActiveCfg = ReleaseSelenium|Any CPU
		{91AEC03F-9F06-4248-8B61-6AB6F9D9E3F4}.ReleaseSelenium|Any CPU.Build.0 = ReleaseSelenium|Any CPU
		{91AEC03F-9F06-4248-8B61-6AB6F9D9E3F4}.ReleaseSelenium|x64.ActiveCfg = ReleaseSelenium|Any CPU
		{91AEC03F-9F06-4248-8B61-6AB6F9D9E3F4}.ReleaseSelenium|x64.Build.0 = ReleaseSelenium|Any CPU
		{91AEC03F-9F06-4248-8B61-6AB6F9D9E3F4}.ReleaseSelenium|x86.ActiveCfg = ReleaseSelenium|Any CPU
		{91AEC03F-9F06-4248-8B61-6AB6F9D9E3F4}.ReleaseSelenium|x86.Build.0 = ReleaseSelenium|Any CPU
		{1058B4D9-EB16-45A5-8E10-9247165F55E5}.Debug|Any CPU.ActiveCfg = Debug|Any CPU
		{1058B4D9-EB16-45A5-8E10-9247165F55E5}.Debug|Any CPU.Build.0 = Debug|Any CPU
		{1058B4D9-EB16-45A5-8E10-9247165F55E5}.Debug|x64.ActiveCfg = Debug|Any CPU
		{1058B4D9-EB16-45A5-8E10-9247165F55E5}.Debug|x64.Build.0 = Debug|Any CPU
		{1058B4D9-EB16-45A5-8E10-9247165F55E5}.Debug|x86.ActiveCfg = Debug|Any CPU
		{1058B4D9-EB16-45A5-8E10-9247165F55E5}.Debug|x86.Build.0 = Debug|Any CPU
		{1058B4D9-EB16-45A5-8E10-9247165F55E5}.DebugCefSharp|Any CPU.ActiveCfg = Debug|Any CPU
		{1058B4D9-EB16-45A5-8E10-9247165F55E5}.DebugCefSharp|Any CPU.Build.0 = Debug|Any CPU
		{1058B4D9-EB16-45A5-8E10-9247165F55E5}.DebugCefSharp|x64.ActiveCfg = DebugCefSharp|Any CPU
		{1058B4D9-EB16-45A5-8E10-9247165F55E5}.DebugCefSharp|x64.Build.0 = DebugCefSharp|Any CPU
		{1058B4D9-EB16-45A5-8E10-9247165F55E5}.DebugCefSharp|x86.ActiveCfg = Debug|Any CPU
		{1058B4D9-EB16-45A5-8E10-9247165F55E5}.DebugCefSharp|x86.Build.0 = Debug|Any CPU
		{1058B4D9-EB16-45A5-8E10-9247165F55E5}.DebugSelenium|Any CPU.ActiveCfg = DebugSelenium|Any CPU
		{1058B4D9-EB16-45A5-8E10-9247165F55E5}.DebugSelenium|Any CPU.Build.0 = DebugSelenium|Any CPU
		{1058B4D9-EB16-45A5-8E10-9247165F55E5}.DebugSelenium|x64.ActiveCfg = DebugSelenium|Any CPU
		{1058B4D9-EB16-45A5-8E10-9247165F55E5}.DebugSelenium|x64.Build.0 = DebugSelenium|Any CPU
		{1058B4D9-EB16-45A5-8E10-9247165F55E5}.DebugSelenium|x86.ActiveCfg = DebugSelenium|Any CPU
		{1058B4D9-EB16-45A5-8E10-9247165F55E5}.DebugSelenium|x86.Build.0 = DebugSelenium|Any CPU
		{1058B4D9-EB16-45A5-8E10-9247165F55E5}.Release|Any CPU.ActiveCfg = ReleaseSelenium|Any CPU
		{1058B4D9-EB16-45A5-8E10-9247165F55E5}.Release|Any CPU.Build.0 = ReleaseSelenium|Any CPU
		{1058B4D9-EB16-45A5-8E10-9247165F55E5}.Release|x64.ActiveCfg = ReleaseSelenium|Any CPU
		{1058B4D9-EB16-45A5-8E10-9247165F55E5}.Release|x64.Build.0 = ReleaseSelenium|Any CPU
		{1058B4D9-EB16-45A5-8E10-9247165F55E5}.Release|x86.ActiveCfg = ReleaseSelenium|Any CPU
		{1058B4D9-EB16-45A5-8E10-9247165F55E5}.Release|x86.Build.0 = ReleaseSelenium|Any CPU
		{1058B4D9-EB16-45A5-8E10-9247165F55E5}.ReleaseCefSharp|Any CPU.ActiveCfg = ReleaseCefSharp|Any CPU
		{1058B4D9-EB16-45A5-8E10-9247165F55E5}.ReleaseCefSharp|Any CPU.Build.0 = ReleaseCefSharp|Any CPU
		{1058B4D9-EB16-45A5-8E10-9247165F55E5}.ReleaseCefSharp|x64.ActiveCfg = ReleaseCefSharp|Any CPU
		{1058B4D9-EB16-45A5-8E10-9247165F55E5}.ReleaseCefSharp|x64.Build.0 = ReleaseCefSharp|Any CPU
		{1058B4D9-EB16-45A5-8E10-9247165F55E5}.ReleaseCefSharp|x86.ActiveCfg = ReleaseCefSharp|Any CPU
		{1058B4D9-EB16-45A5-8E10-9247165F55E5}.ReleaseCefSharp|x86.Build.0 = ReleaseCefSharp|Any CPU
		{1058B4D9-EB16-45A5-8E10-9247165F55E5}.ReleaseSelenium|Any CPU.ActiveCfg = ReleaseSelenium|Any CPU
		{1058B4D9-EB16-45A5-8E10-9247165F55E5}.ReleaseSelenium|Any CPU.Build.0 = ReleaseSelenium|Any CPU
		{1058B4D9-EB16-45A5-8E10-9247165F55E5}.ReleaseSelenium|x64.ActiveCfg = ReleaseSelenium|Any CPU
		{1058B4D9-EB16-45A5-8E10-9247165F55E5}.ReleaseSelenium|x64.Build.0 = ReleaseSelenium|Any CPU
		{1058B4D9-EB16-45A5-8E10-9247165F55E5}.ReleaseSelenium|x86.ActiveCfg = ReleaseSelenium|Any CPU
		{1058B4D9-EB16-45A5-8E10-9247165F55E5}.ReleaseSelenium|x86.Build.0 = ReleaseSelenium|Any CPU
		{78841C98-3074-4871-BC95-193F4EEE877F}.Debug|Any CPU.ActiveCfg = DebugSelenium|Any CPU
		{78841C98-3074-4871-BC95-193F4EEE877F}.Debug|Any CPU.Build.0 = DebugSelenium|Any CPU
		{78841C98-3074-4871-BC95-193F4EEE877F}.Debug|x64.ActiveCfg = DebugSelenium|Any CPU
		{78841C98-3074-4871-BC95-193F4EEE877F}.Debug|x64.Build.0 = DebugSelenium|Any CPU
		{78841C98-3074-4871-BC95-193F4EEE877F}.Debug|x86.ActiveCfg = DebugSelenium|Any CPU
		{78841C98-3074-4871-BC95-193F4EEE877F}.Debug|x86.Build.0 = DebugSelenium|Any CPU
		{78841C98-3074-4871-BC95-193F4EEE877F}.DebugCefSharp|Any CPU.ActiveCfg = DebugCefSharp|Any CPU
		{78841C98-3074-4871-BC95-193F4EEE877F}.DebugCefSharp|Any CPU.Build.0 = DebugCefSharp|Any CPU
		{78841C98-3074-4871-BC95-193F4EEE877F}.DebugCefSharp|x64.ActiveCfg = DebugCefSharp|Any CPU
		{78841C98-3074-4871-BC95-193F4EEE877F}.DebugCefSharp|x64.Build.0 = DebugCefSharp|Any CPU
		{78841C98-3074-4871-BC95-193F4EEE877F}.DebugCefSharp|x86.ActiveCfg = DebugCefSharp|Any CPU
		{78841C98-3074-4871-BC95-193F4EEE877F}.DebugCefSharp|x86.Build.0 = DebugCefSharp|Any CPU
		{78841C98-3074-4871-BC95-193F4EEE877F}.DebugSelenium|Any CPU.ActiveCfg = DebugSelenium|Any CPU
		{78841C98-3074-4871-BC95-193F4EEE877F}.DebugSelenium|Any CPU.Build.0 = DebugSelenium|Any CPU
		{78841C98-3074-4871-BC95-193F4EEE877F}.DebugSelenium|x64.ActiveCfg = DebugSelenium|Any CPU
		{78841C98-3074-4871-BC95-193F4EEE877F}.DebugSelenium|x64.Build.0 = DebugSelenium|Any CPU
		{78841C98-3074-4871-BC95-193F4EEE877F}.DebugSelenium|x86.ActiveCfg = DebugSelenium|Any CPU
		{78841C98-3074-4871-BC95-193F4EEE877F}.DebugSelenium|x86.Build.0 = DebugSelenium|Any CPU
		{78841C98-3074-4871-BC95-193F4EEE877F}.Release|Any CPU.ActiveCfg = ReleaseSelenium|Any CPU
		{78841C98-3074-4871-BC95-193F4EEE877F}.Release|Any CPU.Build.0 = ReleaseSelenium|Any CPU
		{78841C98-3074-4871-BC95-193F4EEE877F}.Release|x64.ActiveCfg = ReleaseSelenium|Any CPU
		{78841C98-3074-4871-BC95-193F4EEE877F}.Release|x64.Build.0 = ReleaseSelenium|Any CPU
		{78841C98-3074-4871-BC95-193F4EEE877F}.Release|x86.ActiveCfg = ReleaseSelenium|Any CPU
		{78841C98-3074-4871-BC95-193F4EEE877F}.Release|x86.Build.0 = ReleaseSelenium|Any CPU
		{78841C98-3074-4871-BC95-193F4EEE877F}.ReleaseCefSharp|Any CPU.ActiveCfg = CefSharp|Any CPU
		{78841C98-3074-4871-BC95-193F4EEE877F}.ReleaseCefSharp|Any CPU.Build.0 = CefSharp|Any CPU
		{78841C98-3074-4871-BC95-193F4EEE877F}.ReleaseCefSharp|x64.ActiveCfg = ReleaseCefSharp|Any CPU
		{78841C98-3074-4871-BC95-193F4EEE877F}.ReleaseCefSharp|x64.Build.0 = ReleaseCefSharp|Any CPU
		{78841C98-3074-4871-BC95-193F4EEE877F}.ReleaseCefSharp|x86.ActiveCfg = CefSharp|Any CPU
		{78841C98-3074-4871-BC95-193F4EEE877F}.ReleaseCefSharp|x86.Build.0 = CefSharp|Any CPU
		{78841C98-3074-4871-BC95-193F4EEE877F}.ReleaseSelenium|Any CPU.ActiveCfg = ReleaseSelenium|Any CPU
		{78841C98-3074-4871-BC95-193F4EEE877F}.ReleaseSelenium|Any CPU.Build.0 = ReleaseSelenium|Any CPU
		{78841C98-3074-4871-BC95-193F4EEE877F}.ReleaseSelenium|x64.ActiveCfg = ReleaseSelenium|Any CPU
		{78841C98-3074-4871-BC95-193F4EEE877F}.ReleaseSelenium|x64.Build.0 = ReleaseSelenium|Any CPU
		{78841C98-3074-4871-BC95-193F4EEE877F}.ReleaseSelenium|x86.ActiveCfg = ReleaseSelenium|Any CPU
		{78841C98-3074-4871-BC95-193F4EEE877F}.ReleaseSelenium|x86.Build.0 = ReleaseSelenium|Any CPU
		{BAA7B375-B104-4FE3-86A1-1886BE136889}.Debug|Any CPU.ActiveCfg = DebugSelenium|Any CPU
		{BAA7B375-B104-4FE3-86A1-1886BE136889}.Debug|Any CPU.Build.0 = DebugSelenium|Any CPU
		{BAA7B375-B104-4FE3-86A1-1886BE136889}.Debug|x64.ActiveCfg = DebugSelenium|Any CPU
		{BAA7B375-B104-4FE3-86A1-1886BE136889}.Debug|x64.Build.0 = DebugSelenium|Any CPU
		{BAA7B375-B104-4FE3-86A1-1886BE136889}.Debug|x86.ActiveCfg = DebugSelenium|Any CPU
		{BAA7B375-B104-4FE3-86A1-1886BE136889}.Debug|x86.Build.0 = DebugSelenium|Any CPU
		{BAA7B375-B104-4FE3-86A1-1886BE136889}.DebugCefSharp|Any CPU.ActiveCfg = DebugCefSharp|Any CPU
		{BAA7B375-B104-4FE3-86A1-1886BE136889}.DebugCefSharp|Any CPU.Build.0 = DebugCefSharp|Any CPU
		{BAA7B375-B104-4FE3-86A1-1886BE136889}.DebugCefSharp|x64.ActiveCfg = DebugCefSharp|Any CPU
		{BAA7B375-B104-4FE3-86A1-1886BE136889}.DebugCefSharp|x64.Build.0 = DebugCefSharp|Any CPU
		{BAA7B375-B104-4FE3-86A1-1886BE136889}.DebugCefSharp|x86.ActiveCfg = DebugCefSharp|Any CPU
		{BAA7B375-B104-4FE3-86A1-1886BE136889}.DebugCefSharp|x86.Build.0 = DebugCefSharp|Any CPU
		{BAA7B375-B104-4FE3-86A1-1886BE136889}.DebugSelenium|Any CPU.ActiveCfg = DebugSelenium|Any CPU
		{BAA7B375-B104-4FE3-86A1-1886BE136889}.DebugSelenium|Any CPU.Build.0 = DebugSelenium|Any CPU
		{BAA7B375-B104-4FE3-86A1-1886BE136889}.DebugSelenium|x64.ActiveCfg = DebugSelenium|Any CPU
		{BAA7B375-B104-4FE3-86A1-1886BE136889}.DebugSelenium|x64.Build.0 = DebugSelenium|Any CPU
		{BAA7B375-B104-4FE3-86A1-1886BE136889}.DebugSelenium|x86.ActiveCfg = DebugSelenium|Any CPU
		{BAA7B375-B104-4FE3-86A1-1886BE136889}.DebugSelenium|x86.Build.0 = DebugSelenium|Any CPU
		{BAA7B375-B104-4FE3-86A1-1886BE136889}.Release|Any CPU.ActiveCfg = Release|Any CPU
		{BAA7B375-B104-4FE3-86A1-1886BE136889}.Release|Any CPU.Build.0 = Release|Any CPU
		{BAA7B375-B104-4FE3-86A1-1886BE136889}.Release|x64.ActiveCfg = Release|Any CPU
		{BAA7B375-B104-4FE3-86A1-1886BE136889}.Release|x64.Build.0 = Release|Any CPU
		{BAA7B375-B104-4FE3-86A1-1886BE136889}.Release|x86.ActiveCfg = Release|Any CPU
		{BAA7B375-B104-4FE3-86A1-1886BE136889}.Release|x86.Build.0 = Release|Any CPU
		{BAA7B375-B104-4FE3-86A1-1886BE136889}.ReleaseCefSharp|Any CPU.ActiveCfg = Release|Any CPU
		{BAA7B375-B104-4FE3-86A1-1886BE136889}.ReleaseCefSharp|Any CPU.Build.0 = Release|Any CPU
		{BAA7B375-B104-4FE3-86A1-1886BE136889}.ReleaseCefSharp|x64.ActiveCfg = ReleaseCefSharp|Any CPU
		{BAA7B375-B104-4FE3-86A1-1886BE136889}.ReleaseCefSharp|x64.Build.0 = ReleaseCefSharp|Any CPU
		{BAA7B375-B104-4FE3-86A1-1886BE136889}.ReleaseCefSharp|x86.ActiveCfg = Release|Any CPU
		{BAA7B375-B104-4FE3-86A1-1886BE136889}.ReleaseCefSharp|x86.Build.0 = Release|Any CPU
		{BAA7B375-B104-4FE3-86A1-1886BE136889}.ReleaseSelenium|Any CPU.ActiveCfg = ReleaseSelenium|Any CPU
		{BAA7B375-B104-4FE3-86A1-1886BE136889}.ReleaseSelenium|Any CPU.Build.0 = ReleaseSelenium|Any CPU
		{BAA7B375-B104-4FE3-86A1-1886BE136889}.ReleaseSelenium|x64.ActiveCfg = ReleaseSelenium|Any CPU
		{BAA7B375-B104-4FE3-86A1-1886BE136889}.ReleaseSelenium|x64.Build.0 = ReleaseSelenium|Any CPU
		{BAA7B375-B104-4FE3-86A1-1886BE136889}.ReleaseSelenium|x86.ActiveCfg = ReleaseSelenium|Any CPU
		{BAA7B375-B104-4FE3-86A1-1886BE136889}.ReleaseSelenium|x86.Build.0 = ReleaseSelenium|Any CPU
		{A612B087-8FBC-485F-A1B4-BAC3A033A840}.Debug|Any CPU.ActiveCfg = DebugSelenium|Any CPU
		{A612B087-8FBC-485F-A1B4-BAC3A033A840}.Debug|Any CPU.Build.0 = DebugSelenium|Any CPU
		{A612B087-8FBC-485F-A1B4-BAC3A033A840}.Debug|x64.ActiveCfg = DebugSelenium|Any CPU
		{A612B087-8FBC-485F-A1B4-BAC3A033A840}.Debug|x64.Build.0 = DebugSelenium|Any CPU
		{A612B087-8FBC-485F-A1B4-BAC3A033A840}.Debug|x86.ActiveCfg = DebugSelenium|Any CPU
		{A612B087-8FBC-485F-A1B4-BAC3A033A840}.Debug|x86.Build.0 = DebugSelenium|Any CPU
		{A612B087-8FBC-485F-A1B4-BAC3A033A840}.DebugCefSharp|Any CPU.ActiveCfg = DebugCefSharp|Any CPU
		{A612B087-8FBC-485F-A1B4-BAC3A033A840}.DebugCefSharp|Any CPU.Build.0 = DebugCefSharp|Any CPU
		{A612B087-8FBC-485F-A1B4-BAC3A033A840}.DebugCefSharp|x64.ActiveCfg = DebugCefSharp|Any CPU
		{A612B087-8FBC-485F-A1B4-BAC3A033A840}.DebugCefSharp|x64.Build.0 = DebugCefSharp|Any CPU
		{A612B087-8FBC-485F-A1B4-BAC3A033A840}.DebugCefSharp|x86.ActiveCfg = DebugCefSharp|Any CPU
		{A612B087-8FBC-485F-A1B4-BAC3A033A840}.DebugCefSharp|x86.Build.0 = DebugCefSharp|Any CPU
		{A612B087-8FBC-485F-A1B4-BAC3A033A840}.DebugSelenium|Any CPU.ActiveCfg = DebugSelenium|Any CPU
		{A612B087-8FBC-485F-A1B4-BAC3A033A840}.DebugSelenium|Any CPU.Build.0 = DebugSelenium|Any CPU
		{A612B087-8FBC-485F-A1B4-BAC3A033A840}.DebugSelenium|x64.ActiveCfg = DebugSelenium|Any CPU
		{A612B087-8FBC-485F-A1B4-BAC3A033A840}.DebugSelenium|x64.Build.0 = DebugSelenium|Any CPU
		{A612B087-8FBC-485F-A1B4-BAC3A033A840}.DebugSelenium|x86.ActiveCfg = DebugSelenium|Any CPU
		{A612B087-8FBC-485F-A1B4-BAC3A033A840}.DebugSelenium|x86.Build.0 = DebugSelenium|Any CPU
		{A612B087-8FBC-485F-A1B4-BAC3A033A840}.Release|Any CPU.ActiveCfg = Release|Any CPU
		{A612B087-8FBC-485F-A1B4-BAC3A033A840}.Release|Any CPU.Build.0 = Release|Any CPU
		{A612B087-8FBC-485F-A1B4-BAC3A033A840}.Release|x64.ActiveCfg = Release|Any CPU
		{A612B087-8FBC-485F-A1B4-BAC3A033A840}.Release|x64.Build.0 = Release|Any CPU
		{A612B087-8FBC-485F-A1B4-BAC3A033A840}.Release|x86.ActiveCfg = Release|Any CPU
		{A612B087-8FBC-485F-A1B4-BAC3A033A840}.Release|x86.Build.0 = Release|Any CPU
		{A612B087-8FBC-485F-A1B4-BAC3A033A840}.ReleaseCefSharp|Any CPU.ActiveCfg = Release|Any CPU
		{A612B087-8FBC-485F-A1B4-BAC3A033A840}.ReleaseCefSharp|Any CPU.Build.0 = Release|Any CPU
		{A612B087-8FBC-485F-A1B4-BAC3A033A840}.ReleaseCefSharp|x64.ActiveCfg = ReleaseCefSharp|Any CPU
		{A612B087-8FBC-485F-A1B4-BAC3A033A840}.ReleaseCefSharp|x64.Build.0 = ReleaseCefSharp|Any CPU
		{A612B087-8FBC-485F-A1B4-BAC3A033A840}.ReleaseCefSharp|x86.ActiveCfg = Release|Any CPU
		{A612B087-8FBC-485F-A1B4-BAC3A033A840}.ReleaseCefSharp|x86.Build.0 = Release|Any CPU
		{A612B087-8FBC-485F-A1B4-BAC3A033A840}.ReleaseSelenium|Any CPU.ActiveCfg = ReleaseSelenium|Any CPU
		{A612B087-8FBC-485F-A1B4-BAC3A033A840}.ReleaseSelenium|Any CPU.Build.0 = ReleaseSelenium|Any CPU
		{A612B087-8FBC-485F-A1B4-BAC3A033A840}.ReleaseSelenium|x64.ActiveCfg = ReleaseSelenium|Any CPU
		{A612B087-8FBC-485F-A1B4-BAC3A033A840}.ReleaseSelenium|x64.Build.0 = ReleaseSelenium|Any CPU
		{A612B087-8FBC-485F-A1B4-BAC3A033A840}.ReleaseSelenium|x86.ActiveCfg = ReleaseSelenium|Any CPU
		{A612B087-8FBC-485F-A1B4-BAC3A033A840}.ReleaseSelenium|x86.Build.0 = ReleaseSelenium|Any CPU
		{EE454914-8625-4778-90E8-9A05297198EA}.Debug|Any CPU.ActiveCfg = DebugSelenium|Any CPU
		{EE454914-8625-4778-90E8-9A05297198EA}.Debug|Any CPU.Build.0 = DebugSelenium|Any CPU
		{EE454914-8625-4778-90E8-9A05297198EA}.Debug|x64.ActiveCfg = DebugSelenium|Any CPU
		{EE454914-8625-4778-90E8-9A05297198EA}.Debug|x64.Build.0 = DebugSelenium|Any CPU
		{EE454914-8625-4778-90E8-9A05297198EA}.Debug|x86.ActiveCfg = DebugSelenium|Any CPU
		{EE454914-8625-4778-90E8-9A05297198EA}.Debug|x86.Build.0 = DebugSelenium|Any CPU
		{EE454914-8625-4778-90E8-9A05297198EA}.DebugCefSharp|Any CPU.ActiveCfg = DebugCefSharp|Any CPU
		{EE454914-8625-4778-90E8-9A05297198EA}.DebugCefSharp|x64.ActiveCfg = DebugCefSharp|Any CPU
		{EE454914-8625-4778-90E8-9A05297198EA}.DebugCefSharp|x64.Build.0 = DebugCefSharp|Any CPU
		{EE454914-8625-4778-90E8-9A05297198EA}.DebugCefSharp|x86.ActiveCfg = DebugCefSharp|Any CPU
		{EE454914-8625-4778-90E8-9A05297198EA}.DebugSelenium|Any CPU.ActiveCfg = DebugSelenium|Any CPU
		{EE454914-8625-4778-90E8-9A05297198EA}.DebugSelenium|Any CPU.Build.0 = DebugSelenium|Any CPU
		{EE454914-8625-4778-90E8-9A05297198EA}.DebugSelenium|x64.ActiveCfg = DebugSelenium|Any CPU
		{EE454914-8625-4778-90E8-9A05297198EA}.DebugSelenium|x64.Build.0 = DebugSelenium|Any CPU
		{EE454914-8625-4778-90E8-9A05297198EA}.DebugSelenium|x86.ActiveCfg = DebugSelenium|Any CPU
		{EE454914-8625-4778-90E8-9A05297198EA}.DebugSelenium|x86.Build.0 = DebugSelenium|Any CPU
		{EE454914-8625-4778-90E8-9A05297198EA}.Release|Any CPU.ActiveCfg = Release|Any CPU
		{EE454914-8625-4778-90E8-9A05297198EA}.Release|Any CPU.Build.0 = Release|Any CPU
		{EE454914-8625-4778-90E8-9A05297198EA}.Release|x64.ActiveCfg = Release|Any CPU
		{EE454914-8625-4778-90E8-9A05297198EA}.Release|x64.Build.0 = Release|Any CPU
		{EE454914-8625-4778-90E8-9A05297198EA}.Release|x86.ActiveCfg = Release|Any CPU
		{EE454914-8625-4778-90E8-9A05297198EA}.Release|x86.Build.0 = Release|Any CPU
		{EE454914-8625-4778-90E8-9A05297198EA}.ReleaseCefSharp|Any CPU.ActiveCfg = Release|Any CPU
		{EE454914-8625-4778-90E8-9A05297198EA}.ReleaseCefSharp|Any CPU.Build.0 = Release|Any CPU
		{EE454914-8625-4778-90E8-9A05297198EA}.ReleaseCefSharp|x64.ActiveCfg = ReleaseCefSharp|Any CPU
		{EE454914-8625-4778-90E8-9A05297198EA}.ReleaseCefSharp|x64.Build.0 = ReleaseCefSharp|Any CPU
		{EE454914-8625-4778-90E8-9A05297198EA}.ReleaseCefSharp|x86.ActiveCfg = Release|Any CPU
		{EE454914-8625-4778-90E8-9A05297198EA}.ReleaseCefSharp|x86.Build.0 = Release|Any CPU
		{EE454914-8625-4778-90E8-9A05297198EA}.ReleaseSelenium|Any CPU.ActiveCfg = ReleaseSelenium|Any CPU
		{EE454914-8625-4778-90E8-9A05297198EA}.ReleaseSelenium|Any CPU.Build.0 = ReleaseSelenium|Any CPU
		{EE454914-8625-4778-90E8-9A05297198EA}.ReleaseSelenium|x64.ActiveCfg = ReleaseSelenium|Any CPU
		{EE454914-8625-4778-90E8-9A05297198EA}.ReleaseSelenium|x64.Build.0 = ReleaseSelenium|Any CPU
		{EE454914-8625-4778-90E8-9A05297198EA}.ReleaseSelenium|x86.ActiveCfg = ReleaseSelenium|Any CPU
		{EE454914-8625-4778-90E8-9A05297198EA}.ReleaseSelenium|x86.Build.0 = ReleaseSelenium|Any CPU
		{F61396BC-7C74-4CF5-94E2-9B3AD341E8BB}.Debug|Any CPU.ActiveCfg = Debug|Any CPU
		{F61396BC-7C74-4CF5-94E2-9B3AD341E8BB}.Debug|Any CPU.Build.0 = Debug|Any CPU
		{F61396BC-7C74-4CF5-94E2-9B3AD341E8BB}.Debug|x64.ActiveCfg = Debug|Any CPU
		{F61396BC-7C74-4CF5-94E2-9B3AD341E8BB}.Debug|x64.Build.0 = Debug|Any CPU
		{F61396BC-7C74-4CF5-94E2-9B3AD341E8BB}.Debug|x86.ActiveCfg = Debug|Any CPU
		{F61396BC-7C74-4CF5-94E2-9B3AD341E8BB}.Debug|x86.Build.0 = Debug|Any CPU
		{F61396BC-7C74-4CF5-94E2-9B3AD341E8BB}.DebugCefSharp|Any CPU.ActiveCfg = Debug|Any CPU
		{F61396BC-7C74-4CF5-94E2-9B3AD341E8BB}.DebugCefSharp|Any CPU.Build.0 = Debug|Any CPU
		{F61396BC-7C74-4CF5-94E2-9B3AD341E8BB}.DebugCefSharp|x64.ActiveCfg = Debug|Any CPU
		{F61396BC-7C74-4CF5-94E2-9B3AD341E8BB}.DebugCefSharp|x64.Build.0 = Debug|Any CPU
		{F61396BC-7C74-4CF5-94E2-9B3AD341E8BB}.DebugCefSharp|x86.ActiveCfg = Debug|Any CPU
		{F61396BC-7C74-4CF5-94E2-9B3AD341E8BB}.DebugCefSharp|x86.Build.0 = Debug|Any CPU
		{F61396BC-7C74-4CF5-94E2-9B3AD341E8BB}.DebugSelenium|Any CPU.ActiveCfg = Debug|Any CPU
		{F61396BC-7C74-4CF5-94E2-9B3AD341E8BB}.DebugSelenium|Any CPU.Build.0 = Debug|Any CPU
		{F61396BC-7C74-4CF5-94E2-9B3AD341E8BB}.DebugSelenium|x64.ActiveCfg = Debug|Any CPU
		{F61396BC-7C74-4CF5-94E2-9B3AD341E8BB}.DebugSelenium|x64.Build.0 = Debug|Any CPU
		{F61396BC-7C74-4CF5-94E2-9B3AD341E8BB}.DebugSelenium|x86.ActiveCfg = Debug|Any CPU
		{F61396BC-7C74-4CF5-94E2-9B3AD341E8BB}.DebugSelenium|x86.Build.0 = Debug|Any CPU
		{F61396BC-7C74-4CF5-94E2-9B3AD341E8BB}.Release|Any CPU.ActiveCfg = Release|Any CPU
		{F61396BC-7C74-4CF5-94E2-9B3AD341E8BB}.Release|Any CPU.Build.0 = Release|Any CPU
		{F61396BC-7C74-4CF5-94E2-9B3AD341E8BB}.Release|x64.ActiveCfg = Release|Any CPU
		{F61396BC-7C74-4CF5-94E2-9B3AD341E8BB}.Release|x64.Build.0 = Release|Any CPU
		{F61396BC-7C74-4CF5-94E2-9B3AD341E8BB}.Release|x86.ActiveCfg = Release|Any CPU
		{F61396BC-7C74-4CF5-94E2-9B3AD341E8BB}.Release|x86.Build.0 = Release|Any CPU
		{F61396BC-7C74-4CF5-94E2-9B3AD341E8BB}.ReleaseCefSharp|Any CPU.ActiveCfg = Release|Any CPU
		{F61396BC-7C74-4CF5-94E2-9B3AD341E8BB}.ReleaseCefSharp|Any CPU.Build.0 = Release|Any CPU
		{F61396BC-7C74-4CF5-94E2-9B3AD341E8BB}.ReleaseCefSharp|x64.ActiveCfg = Release|Any CPU
		{F61396BC-7C74-4CF5-94E2-9B3AD341E8BB}.ReleaseCefSharp|x64.Build.0 = Release|Any CPU
		{F61396BC-7C74-4CF5-94E2-9B3AD341E8BB}.ReleaseCefSharp|x86.ActiveCfg = Release|Any CPU
		{F61396BC-7C74-4CF5-94E2-9B3AD341E8BB}.ReleaseCefSharp|x86.Build.0 = Release|Any CPU
		{F61396BC-7C74-4CF5-94E2-9B3AD341E8BB}.ReleaseSelenium|Any CPU.ActiveCfg = Release|Any CPU
		{F61396BC-7C74-4CF5-94E2-9B3AD341E8BB}.ReleaseSelenium|Any CPU.Build.0 = Release|Any CPU
		{F61396BC-7C74-4CF5-94E2-9B3AD341E8BB}.ReleaseSelenium|x64.ActiveCfg = Release|Any CPU
		{F61396BC-7C74-4CF5-94E2-9B3AD341E8BB}.ReleaseSelenium|x64.Build.0 = Release|Any CPU
		{F61396BC-7C74-4CF5-94E2-9B3AD341E8BB}.ReleaseSelenium|x86.ActiveCfg = Release|Any CPU
		{F61396BC-7C74-4CF5-94E2-9B3AD341E8BB}.ReleaseSelenium|x86.Build.0 = Release|Any CPU
		{6A8030C8-9365-453B-9CB1-16705463D5B4}.Debug|Any CPU.ActiveCfg = Debug|Any CPU
		{6A8030C8-9365-453B-9CB1-16705463D5B4}.Debug|Any CPU.Build.0 = Debug|Any CPU
		{6A8030C8-9365-453B-9CB1-16705463D5B4}.Debug|x64.ActiveCfg = Debug|Any CPU
		{6A8030C8-9365-453B-9CB1-16705463D5B4}.Debug|x64.Build.0 = Debug|Any CPU
		{6A8030C8-9365-453B-9CB1-16705463D5B4}.Debug|x86.ActiveCfg = Debug|Any CPU
		{6A8030C8-9365-453B-9CB1-16705463D5B4}.Debug|x86.Build.0 = Debug|Any CPU
		{6A8030C8-9365-453B-9CB1-16705463D5B4}.DebugCefSharp|Any CPU.ActiveCfg = Debug|Any CPU
		{6A8030C8-9365-453B-9CB1-16705463D5B4}.DebugCefSharp|Any CPU.Build.0 = Debug|Any CPU
		{6A8030C8-9365-453B-9CB1-16705463D5B4}.DebugCefSharp|x64.ActiveCfg = Debug|Any CPU
		{6A8030C8-9365-453B-9CB1-16705463D5B4}.DebugCefSharp|x64.Build.0 = Debug|Any CPU
		{6A8030C8-9365-453B-9CB1-16705463D5B4}.DebugCefSharp|x86.ActiveCfg = Debug|Any CPU
		{6A8030C8-9365-453B-9CB1-16705463D5B4}.DebugCefSharp|x86.Build.0 = Debug|Any CPU
		{6A8030C8-9365-453B-9CB1-16705463D5B4}.DebugSelenium|Any CPU.ActiveCfg = Debug|Any CPU
		{6A8030C8-9365-453B-9CB1-16705463D5B4}.DebugSelenium|Any CPU.Build.0 = Debug|Any CPU
		{6A8030C8-9365-453B-9CB1-16705463D5B4}.DebugSelenium|x64.ActiveCfg = Debug|Any CPU
		{6A8030C8-9365-453B-9CB1-16705463D5B4}.DebugSelenium|x64.Build.0 = Debug|Any CPU
		{6A8030C8-9365-453B-9CB1-16705463D5B4}.DebugSelenium|x86.ActiveCfg = Debug|Any CPU
		{6A8030C8-9365-453B-9CB1-16705463D5B4}.DebugSelenium|x86.Build.0 = Debug|Any CPU
		{6A8030C8-9365-453B-9CB1-16705463D5B4}.Release|Any CPU.ActiveCfg = Release|Any CPU
		{6A8030C8-9365-453B-9CB1-16705463D5B4}.Release|Any CPU.Build.0 = Release|Any CPU
		{6A8030C8-9365-453B-9CB1-16705463D5B4}.Release|x64.ActiveCfg = Release|Any CPU
		{6A8030C8-9365-453B-9CB1-16705463D5B4}.Release|x64.Build.0 = Release|Any CPU
		{6A8030C8-9365-453B-9CB1-16705463D5B4}.Release|x86.ActiveCfg = Release|Any CPU
		{6A8030C8-9365-453B-9CB1-16705463D5B4}.Release|x86.Build.0 = Release|Any CPU
		{6A8030C8-9365-453B-9CB1-16705463D5B4}.ReleaseCefSharp|Any CPU.ActiveCfg = Release|Any CPU
		{6A8030C8-9365-453B-9CB1-16705463D5B4}.ReleaseCefSharp|Any CPU.Build.0 = Release|Any CPU
		{6A8030C8-9365-453B-9CB1-16705463D5B4}.ReleaseCefSharp|x64.ActiveCfg = Release|Any CPU
		{6A8030C8-9365-453B-9CB1-16705463D5B4}.ReleaseCefSharp|x64.Build.0 = Release|Any CPU
		{6A8030C8-9365-453B-9CB1-16705463D5B4}.ReleaseCefSharp|x86.ActiveCfg = Release|Any CPU
		{6A8030C8-9365-453B-9CB1-16705463D5B4}.ReleaseCefSharp|x86.Build.0 = Release|Any CPU
		{6A8030C8-9365-453B-9CB1-16705463D5B4}.ReleaseSelenium|Any CPU.ActiveCfg = Release|Any CPU
		{6A8030C8-9365-453B-9CB1-16705463D5B4}.ReleaseSelenium|Any CPU.Build.0 = Release|Any CPU
		{6A8030C8-9365-453B-9CB1-16705463D5B4}.ReleaseSelenium|x64.ActiveCfg = Release|Any CPU
		{6A8030C8-9365-453B-9CB1-16705463D5B4}.ReleaseSelenium|x64.Build.0 = Release|Any CPU
		{6A8030C8-9365-453B-9CB1-16705463D5B4}.ReleaseSelenium|x86.ActiveCfg = Release|Any CPU
		{6A8030C8-9365-453B-9CB1-16705463D5B4}.ReleaseSelenium|x86.Build.0 = Release|Any CPU
	EndGlobalSection
	GlobalSection(SolutionProperties) = preSolution
		HideSolutionNode = FALSE
	EndGlobalSection
	GlobalSection(ExtensibilityGlobals) = postSolution
		SolutionGuid = {B3B673EA-9D2A-48B0-A1AC-B123087ED1E9}
	EndGlobalSection
EndGlobal
